// !$*UTF8*$!
{
	archiveVersion = 1;
	classes = {
	};
	objectVersion = 50;
	objects = {

/* Begin PBXBuildFile section */
		85EA9BCE25BD4412E6A179C0 /* Pods_PersonalProject.framework in Frameworks */ = {isa = PBXBuildFile; fileRef = 906B8EEBF32AC520DF6F5495 /* Pods_PersonalProject.framework */; };
		94348FCA21912891003003C4 /* AppDelegate.swift in Sources */ = {isa = PBXBuildFile; fileRef = 94348FC921912891003003C4 /* AppDelegate.swift */; };
		94348FCC21912891003003C4 /* ViewController.swift in Sources */ = {isa = PBXBuildFile; fileRef = 94348FCB21912891003003C4 /* ViewController.swift */; };
		94348FCF21912891003003C4 /* Main.storyboard in Resources */ = {isa = PBXBuildFile; fileRef = 94348FCD21912891003003C4 /* Main.storyboard */; };
		94348FD121912891003003C4 /* Assets.xcassets in Resources */ = {isa = PBXBuildFile; fileRef = 94348FD021912891003003C4 /* Assets.xcassets */; };
		94348FD421912891003003C4 /* LaunchScreen.storyboard in Resources */ = {isa = PBXBuildFile; fileRef = 94348FD221912891003003C4 /* LaunchScreen.storyboard */; };
		94348FDF21912891003003C4 /* PersonalProjectTests.swift in Sources */ = {isa = PBXBuildFile; fileRef = 94348FDE21912891003003C4 /* PersonalProjectTests.swift */; };
		94348FEA21912891003003C4 /* PersonalProjectUITests.swift in Sources */ = {isa = PBXBuildFile; fileRef = 94348FE921912891003003C4 /* PersonalProjectUITests.swift */; };
/* End PBXBuildFile section */

/* Begin PBXContainerItemProxy section */
		94348FDB21912891003003C4 /* PBXContainerItemProxy */ = {
			isa = PBXContainerItemProxy;
			containerPortal = 94348FBE21912891003003C4 /* Project object */;
			proxyType = 1;
			remoteGlobalIDString = 94348FC521912891003003C4;
			remoteInfo = PersonalProject;
		};
		94348FE621912891003003C4 /* PBXContainerItemProxy */ = {
			isa = PBXContainerItemProxy;
			containerPortal = 94348FBE21912891003003C4 /* Project object */;
			proxyType = 1;
			remoteGlobalIDString = 94348FC521912891003003C4;
			remoteInfo = PersonalProject;
		};
/* End PBXContainerItemProxy section */

/* Begin PBXFileReference section */
		297F5C09226EA94BC2A8D6A9 /* Pods-PersonalProject.release.xcconfig */ = {isa = PBXFileReference; includeInIndex = 1; lastKnownFileType = text.xcconfig; name = "Pods-PersonalProject.release.xcconfig"; path = "Pods/Target Support Files/Pods-PersonalProject/Pods-PersonalProject.release.xcconfig"; sourceTree = "<group>"; };
		906B8EEBF32AC520DF6F5495 /* Pods_PersonalProject.framework */ = {isa = PBXFileReference; explicitFileType = wrapper.framework; includeInIndex = 0; path = Pods_PersonalProject.framework; sourceTree = BUILT_PRODUCTS_DIR; };
		932BFEF76A3647F11D2DDE10 /* Pods-PersonalProject.debug.xcconfig */ = {isa = PBXFileReference; includeInIndex = 1; lastKnownFileType = text.xcconfig; name = "Pods-PersonalProject.debug.xcconfig"; path = "Pods/Target Support Files/Pods-PersonalProject/Pods-PersonalProject.debug.xcconfig"; sourceTree = "<group>"; };
		94348FC621912891003003C4 /* PersonalProject.app */ = {isa = PBXFileReference; explicitFileType = wrapper.application; includeInIndex = 0; path = PersonalProject.app; sourceTree = BUILT_PRODUCTS_DIR; };
		94348FC921912891003003C4 /* AppDelegate.swift */ = {isa = PBXFileReference; lastKnownFileType = sourcecode.swift; path = AppDelegate.swift; sourceTree = "<group>"; };
		94348FCB21912891003003C4 /* ViewController.swift */ = {isa = PBXFileReference; lastKnownFileType = sourcecode.swift; path = ViewController.swift; sourceTree = "<group>"; };
		94348FCE21912891003003C4 /* Base */ = {isa = PBXFileReference; lastKnownFileType = file.storyboard; name = Base; path = Base.lproj/Main.storyboard; sourceTree = "<group>"; };
		94348FD021912891003003C4 /* Assets.xcassets */ = {isa = PBXFileReference; lastKnownFileType = folder.assetcatalog; path = Assets.xcassets; sourceTree = "<group>"; };
		94348FD321912891003003C4 /* Base */ = {isa = PBXFileReference; lastKnownFileType = file.storyboard; name = Base; path = Base.lproj/LaunchScreen.storyboard; sourceTree = "<group>"; };
		94348FD521912891003003C4 /* Info.plist */ = {isa = PBXFileReference; lastKnownFileType = text.plist.xml; path = Info.plist; sourceTree = "<group>"; };
		94348FDA21912891003003C4 /* PersonalProjectTests.xctest */ = {isa = PBXFileReference; explicitFileType = wrapper.cfbundle; includeInIndex = 0; path = PersonalProjectTests.xctest; sourceTree = BUILT_PRODUCTS_DIR; };
		94348FDE21912891003003C4 /* PersonalProjectTests.swift */ = {isa = PBXFileReference; lastKnownFileType = sourcecode.swift; path = PersonalProjectTests.swift; sourceTree = "<group>"; };
		94348FE021912891003003C4 /* Info.plist */ = {isa = PBXFileReference; lastKnownFileType = text.plist.xml; path = Info.plist; sourceTree = "<group>"; };
		94348FE521912891003003C4 /* PersonalProjectUITests.xctest */ = {isa = PBXFileReference; explicitFileType = wrapper.cfbundle; includeInIndex = 0; path = PersonalProjectUITests.xctest; sourceTree = BUILT_PRODUCTS_DIR; };
		94348FE921912891003003C4 /* PersonalProjectUITests.swift */ = {isa = PBXFileReference; lastKnownFileType = sourcecode.swift; path = PersonalProjectUITests.swift; sourceTree = "<group>"; };
		94348FEB21912891003003C4 /* Info.plist */ = {isa = PBXFileReference; lastKnownFileType = text.plist.xml; path = Info.plist; sourceTree = "<group>"; };
/* End PBXFileReference section */

/* Begin PBXFrameworksBuildPhase section */
		94348FC321912891003003C4 /* Frameworks */ = {
			isa = PBXFrameworksBuildPhase;
			buildActionMask = 2147483647;
			files = (
				85EA9BCE25BD4412E6A179C0 /* Pods_PersonalProject.framework in Frameworks */,
			);
			runOnlyForDeploymentPostprocessing = 0;
		};
		94348FD721912891003003C4 /* Frameworks */ = {
			isa = PBXFrameworksBuildPhase;
			buildActionMask = 2147483647;
			files = (
			);
			runOnlyForDeploymentPostprocessing = 0;
		};
		94348FE221912891003003C4 /* Frameworks */ = {
			isa = PBXFrameworksBuildPhase;
			buildActionMask = 2147483647;
			files = (
			);
			runOnlyForDeploymentPostprocessing = 0;
		};
/* End PBXFrameworksBuildPhase section */

/* Begin PBXGroup section */
		071A4423647D364BF2CCE6CA /* Pods */ = {
			isa = PBXGroup;
			children = (
				932BFEF76A3647F11D2DDE10 /* Pods-PersonalProject.debug.xcconfig */,
				297F5C09226EA94BC2A8D6A9 /* Pods-PersonalProject.release.xcconfig */,
			);
			name = Pods;
			sourceTree = "<group>";
		};
		69962BC90CC2A3F6113C947E /* Frameworks */ = {
			isa = PBXGroup;
			children = (
				906B8EEBF32AC520DF6F5495 /* Pods_PersonalProject.framework */,
			);
			name = Frameworks;
			sourceTree = "<group>";
		};
		94348FBD21912891003003C4 = {
			isa = PBXGroup;
			children = (
				94348FC821912891003003C4 /* PersonalProject */,
				94348FDD21912891003003C4 /* PersonalProjectTests */,
				94348FE821912891003003C4 /* PersonalProjectUITests */,
				94348FC721912891003003C4 /* Products */,
				071A4423647D364BF2CCE6CA /* Pods */,
				69962BC90CC2A3F6113C947E /* Frameworks */,
			);
			sourceTree = "<group>";
		};
		94348FC721912891003003C4 /* Products */ = {
			isa = PBXGroup;
			children = (
				94348FC621912891003003C4 /* PersonalProject.app */,
				94348FDA21912891003003C4 /* PersonalProjectTests.xctest */,
				94348FE521912891003003C4 /* PersonalProjectUITests.xctest */,
			);
			name = Products;
			sourceTree = "<group>";
		};
		94348FC821912891003003C4 /* PersonalProject */ = {
			isa = PBXGroup;
			children = (
				94348FC921912891003003C4 /* AppDelegate.swift */,
				94348FCB21912891003003C4 /* ViewController.swift */,
				94348FCD21912891003003C4 /* Main.storyboard */,
				94348FD021912891003003C4 /* Assets.xcassets */,
				94348FD221912891003003C4 /* LaunchScreen.storyboard */,
				94348FD521912891003003C4 /* Info.plist */,
			);
			path = PersonalProject;
			sourceTree = "<group>";
		};
		94348FDD21912891003003C4 /* PersonalProjectTests */ = {
			isa = PBXGroup;
			children = (
				94348FDE21912891003003C4 /* PersonalProjectTests.swift */,
				94348FE021912891003003C4 /* Info.plist */,
			);
			path = PersonalProjectTests;
			sourceTree = "<group>";
		};
		94348FE821912891003003C4 /* PersonalProjectUITests */ = {
			isa = PBXGroup;
			children = (
				94348FE921912891003003C4 /* PersonalProjectUITests.swift */,
				94348FEB21912891003003C4 /* Info.plist */,
			);
			path = PersonalProjectUITests;
			sourceTree = "<group>";
		};
/* End PBXGroup section */

/* Begin PBXNativeTarget section */
		94348FC521912891003003C4 /* PersonalProject */ = {
			isa = PBXNativeTarget;
			buildConfigurationList = 94348FEE21912891003003C4 /* Build configuration list for PBXNativeTarget "PersonalProject" */;
			buildPhases = (
				0C3F63E18A88D366F7C1E2FC /* [CP] Check Pods Manifest.lock */,
				94348FC221912891003003C4 /* Sources */,
				94348FC321912891003003C4 /* Frameworks */,
				94348FC421912891003003C4 /* Resources */,
				CBFAFA5367B97BB003EF5C2A /* [CP] Embed Pods Frameworks */,
			);
			buildRules = (
			);
			dependencies = (
			);
			name = PersonalProject;
			productName = PersonalProject;
			productReference = 94348FC621912891003003C4 /* PersonalProject.app */;
			productType = "com.apple.product-type.application";
		};
		94348FD921912891003003C4 /* PersonalProjectTests */ = {
			isa = PBXNativeTarget;
			buildConfigurationList = 94348FF121912891003003C4 /* Build configuration list for PBXNativeTarget "PersonalProjectTests" */;
			buildPhases = (
				94348FD621912891003003C4 /* Sources */,
				94348FD721912891003003C4 /* Frameworks */,
				94348FD821912891003003C4 /* Resources */,
			);
			buildRules = (
			);
			dependencies = (
				94348FDC21912891003003C4 /* PBXTargetDependency */,
			);
			name = PersonalProjectTests;
			productName = PersonalProjectTests;
			productReference = 94348FDA21912891003003C4 /* PersonalProjectTests.xctest */;
			productType = "com.apple.product-type.bundle.unit-test";
		};
		94348FE421912891003003C4 /* PersonalProjectUITests */ = {
			isa = PBXNativeTarget;
			buildConfigurationList = 94348FF421912891003003C4 /* Build configuration list for PBXNativeTarget "PersonalProjectUITests" */;
			buildPhases = (
				94348FE121912891003003C4 /* Sources */,
				94348FE221912891003003C4 /* Frameworks */,
				94348FE321912891003003C4 /* Resources */,
			);
			buildRules = (
			);
			dependencies = (
				94348FE721912891003003C4 /* PBXTargetDependency */,
			);
			name = PersonalProjectUITests;
			productName = PersonalProjectUITests;
			productReference = 94348FE521912891003003C4 /* PersonalProjectUITests.xctest */;
			productType = "com.apple.product-type.bundle.ui-testing";
		};
/* End PBXNativeTarget section */

/* Begin PBXProject section */
		94348FBE21912891003003C4 /* Project object */ = {
			isa = PBXProject;
			attributes = {
				LastSwiftUpdateCheck = 1000;
				LastUpgradeCheck = 1000;
				ORGANIZATIONNAME = 42media;
				TargetAttributes = {
					94348FC521912891003003C4 = {
						CreatedOnToolsVersion = 10.0;
					};
					94348FD921912891003003C4 = {
						CreatedOnToolsVersion = 10.0;
						TestTargetID = 94348FC521912891003003C4;
					};
					94348FE421912891003003C4 = {
						CreatedOnToolsVersion = 10.0;
						TestTargetID = 94348FC521912891003003C4;
					};
				};
			};
			buildConfigurationList = 94348FC121912891003003C4 /* Build configuration list for PBXProject "PersonalProject" */;
			compatibilityVersion = "Xcode 9.3";
			developmentRegion = en;
			hasScannedForEncodings = 0;
			knownRegions = (
				en,
				Base,
			);
			mainGroup = 94348FBD21912891003003C4;
			productRefGroup = 94348FC721912891003003C4 /* Products */;
			projectDirPath = "";
			projectRoot = "";
			targets = (
				94348FC521912891003003C4 /* PersonalProject */,
				94348FD921912891003003C4 /* PersonalProjectTests */,
				94348FE421912891003003C4 /* PersonalProjectUITests */,
			);
		};
/* End PBXProject section */

/* Begin PBXResourcesBuildPhase section */
		94348FC421912891003003C4 /* Resources */ = {
			isa = PBXResourcesBuildPhase;
			buildActionMask = 2147483647;
			files = (
				94348FD421912891003003C4 /* LaunchScreen.storyboard in Resources */,
				94348FD121912891003003C4 /* Assets.xcassets in Resources */,
				94348FCF21912891003003C4 /* Main.storyboard in Resources */,
			);
			runOnlyForDeploymentPostprocessing = 0;
		};
		94348FD821912891003003C4 /* Resources */ = {
			isa = PBXResourcesBuildPhase;
			buildActionMask = 2147483647;
			files = (
			);
			runOnlyForDeploymentPostprocessing = 0;
		};
		94348FE321912891003003C4 /* Resources */ = {
			isa = PBXResourcesBuildPhase;
			buildActionMask = 2147483647;
			files = (
			);
			runOnlyForDeploymentPostprocessing = 0;
		};
/* End PBXResourcesBuildPhase section */

/* Begin PBXShellScriptBuildPhase section */
		0C3F63E18A88D366F7C1E2FC /* [CP] Check Pods Manifest.lock */ = {
			isa = PBXShellScriptBuildPhase;
			buildActionMask = 2147483647;
			files = (
			);
			inputPaths = (
				"${PODS_PODFILE_DIR_PATH}/Podfile.lock",
				"${PODS_ROOT}/Manifest.lock",
			);
			name = "[CP] Check Pods Manifest.lock";
			outputPaths = (
				"$(DERIVED_FILE_DIR)/Pods-PersonalProject-checkManifestLockResult.txt",
			);
			runOnlyForDeploymentPostprocessing = 0;
			shellPath = /bin/sh;
			shellScript = "diff \"${PODS_PODFILE_DIR_PATH}/Podfile.lock\" \"${PODS_ROOT}/Manifest.lock\" > /dev/null\nif [ $? != 0 ] ; then\n    # print error to STDERR\n    echo \"error: The sandbox is not in sync with the Podfile.lock. Run 'pod install' or update your CocoaPods installation.\" >&2\n    exit 1\nfi\n# This output is used by Xcode 'outputs' to avoid re-running this script phase.\necho \"SUCCESS\" > \"${SCRIPT_OUTPUT_FILE_0}\"\n";
			showEnvVarsInLog = 0;
		};
		CBFAFA5367B97BB003EF5C2A /* [CP] Embed Pods Frameworks */ = {
			isa = PBXShellScriptBuildPhase;
			buildActionMask = 2147483647;
			files = (
			);
			inputPaths = (
				"${SRCROOT}/Pods/Target Support Files/Pods-PersonalProject/Pods-PersonalProject-frameworks.sh",
				"${BUILT_PRODUCTS_DIR}/Alamofire/Alamofire.framework",
				"${BUILT_PRODUCTS_DIR}/SwiftyJSON/SwiftyJSON.framework",
			);
			name = "[CP] Embed Pods Frameworks";
			outputPaths = (
				"${TARGET_BUILD_DIR}/${FRAMEWORKS_FOLDER_PATH}/Alamofire.framework",
				"${TARGET_BUILD_DIR}/${FRAMEWORKS_FOLDER_PATH}/SwiftyJSON.framework",
			);
			runOnlyForDeploymentPostprocessing = 0;
			shellPath = /bin/sh;
			shellScript = "\"${SRCROOT}/Pods/Target Support Files/Pods-PersonalProject/Pods-PersonalProject-frameworks.sh\"\n";
			showEnvVarsInLog = 0;
		};
/* End PBXShellScriptBuildPhase section */

/* Begin PBXSourcesBuildPhase section */
		94348FC221912891003003C4 /* Sources */ = {
			isa = PBXSourcesBuildPhase;
			buildActionMask = 2147483647;
			files = (
				94348FCC21912891003003C4 /* ViewController.swift in Sources */,
				94348FCA21912891003003C4 /* AppDelegate.swift in Sources */,
			);
			runOnlyForDeploymentPostprocessing = 0;
		};
		94348FD621912891003003C4 /* Sources */ = {
			isa = PBXSourcesBuildPhase;
			buildActionMask = 2147483647;
			files = (
				94348FDF21912891003003C4 /* PersonalProjectTests.swift in Sources */,
			);
			runOnlyForDeploymentPostprocessing = 0;
		};
		94348FE121912891003003C4 /* Sources */ = {
			isa = PBXSourcesBuildPhase;
			buildActionMask = 2147483647;
			files = (
				94348FEA21912891003003C4 /* PersonalProjectUITests.swift in Sources */,
			);
			runOnlyForDeploymentPostprocessing = 0;
		};
/* End PBXSourcesBuildPhase section */

/* Begin PBXTargetDependency section */
		94348FDC21912891003003C4 /* PBXTargetDependency */ = {
			isa = PBXTargetDependency;
			target = 94348FC521912891003003C4 /* PersonalProject */;
			targetProxy = 94348FDB21912891003003C4 /* PBXContainerItemProxy */;
		};
		94348FE721912891003003C4 /* PBXTargetDependency */ = {
			isa = PBXTargetDependency;
			target = 94348FC521912891003003C4 /* PersonalProject */;
			targetProxy = 94348FE621912891003003C4 /* PBXContainerItemProxy */;
		};
/* End PBXTargetDependency section */

/* Begin PBXVariantGroup section */
		94348FCD21912891003003C4 /* Main.storyboard */ = {
			isa = PBXVariantGroup;
			children = (
				94348FCE21912891003003C4 /* Base */,
			);
			name = Main.storyboard;
			sourceTree = "<group>";
		};
		94348FD221912891003003C4 /* LaunchScreen.storyboard */ = {
			isa = PBXVariantGroup;
			children = (
				94348FD321912891003003C4 /* Base */,
			);
			name = LaunchScreen.storyboard;
			sourceTree = "<group>";
		};
/* End PBXVariantGroup section */

/* Begin XCBuildConfiguration section */
		94348FEC21912891003003C4 /* Debug */ = {
			isa = XCBuildConfiguration;
			buildSettings = {
				ALWAYS_SEARCH_USER_PATHS = NO;
				CLANG_ANALYZER_NONNULL = YES;
				CLANG_ANALYZER_NUMBER_OBJECT_CONVERSION = YES_AGGRESSIVE;
				CLANG_CXX_LANGUAGE_STANDARD = "gnu++14";
				CLANG_CXX_LIBRARY = "libc++";
				CLANG_ENABLE_MODULES = YES;
				CLANG_ENABLE_OBJC_ARC = YES;
				CLANG_ENABLE_OBJC_WEAK = YES;
				CLANG_WARN_BLOCK_CAPTURE_AUTORELEASING = YES;
				CLANG_WARN_BOOL_CONVERSION = YES;
				CLANG_WARN_COMMA = YES;
				CLANG_WARN_CONSTANT_CONVERSION = YES;
				CLANG_WARN_DEPRECATED_OBJC_IMPLEMENTATIONS = YES;
				CLANG_WARN_DIRECT_OBJC_ISA_USAGE = YES_ERROR;
				CLANG_WARN_DOCUMENTATION_COMMENTS = YES;
				CLANG_WARN_EMPTY_BODY = YES;
				CLANG_WARN_ENUM_CONVERSION = YES;
				CLANG_WARN_INFINITE_RECURSION = YES;
				CLANG_WARN_INT_CONVERSION = YES;
				CLANG_WARN_NON_LITERAL_NULL_CONVERSION = YES;
				CLANG_WARN_OBJC_IMPLICIT_RETAIN_SELF = YES;
				CLANG_WARN_OBJC_LITERAL_CONVERSION = YES;
				CLANG_WARN_OBJC_ROOT_CLASS = YES_ERROR;
				CLANG_WARN_RANGE_LOOP_ANALYSIS = YES;
				CLANG_WARN_STRICT_PROTOTYPES = YES;
				CLANG_WARN_SUSPICIOUS_MOVE = YES;
				CLANG_WARN_UNGUARDED_AVAILABILITY = YES_AGGRESSIVE;
				CLANG_WARN_UNREACHABLE_CODE = YES;
				CLANG_WARN__DUPLICATE_METHOD_MATCH = YES;
				CODE_SIGN_IDENTITY = "iPhone Developer";
				COPY_PHASE_STRIP = NO;
				DEBUG_INFORMATION_FORMAT = dwarf;
				ENABLE_STRICT_OBJC_MSGSEND = YES;
				ENABLE_TESTABILITY = YES;
				GCC_C_LANGUAGE_STANDARD = gnu11;
				GCC_DYNAMIC_NO_PIC = NO;
				GCC_NO_COMMON_BLOCKS = YES;
				GCC_OPTIMIZATION_LEVEL = 0;
				GCC_PREPROCESSOR_DEFINITIONS = (
					"DEBUG=1",
					"$(inherited)",
				);
				GCC_WARN_64_TO_32_BIT_CONVERSION = YES;
				GCC_WARN_ABOUT_RETURN_TYPE = YES_ERROR;
				GCC_WARN_UNDECLARED_SELECTOR = YES;
				GCC_WARN_UNINITIALIZED_AUTOS = YES_AGGRESSIVE;
				GCC_WARN_UNUSED_FUNCTION = YES;
				GCC_WARN_UNUSED_VARIABLE = YES;
				IPHONEOS_DEPLOYMENT_TARGET = 12.0;
				MTL_ENABLE_DEBUG_INFO = INCLUDE_SOURCE;
				MTL_FAST_MATH = YES;
				ONLY_ACTIVE_ARCH = YES;
				SDKROOT = iphoneos;
				SWIFT_ACTIVE_COMPILATION_CONDITIONS = DEBUG;
				SWIFT_OPTIMIZATION_LEVEL = "-Onone";
			};
			name = Debug;
		};
		94348FED21912891003003C4 /* Release */ = {
			isa = XCBuildConfiguration;
			buildSettings = {
				ALWAYS_SEARCH_USER_PATHS = NO;
				CLANG_ANALYZER_NONNULL = YES;
				CLANG_ANALYZER_NUMBER_OBJECT_CONVERSION = YES_AGGRESSIVE;
				CLANG_CXX_LANGUAGE_STANDARD = "gnu++14";
				CLANG_CXX_LIBRARY = "libc++";
				CLANG_ENABLE_MODULES = YES;
				CLANG_ENABLE_OBJC_ARC = YES;
				CLANG_ENABLE_OBJC_WEAK = YES;
				CLANG_WARN_BLOCK_CAPTURE_AUTORELEASING = YES;
				CLANG_WARN_BOOL_CONVERSION = YES;
				CLANG_WARN_COMMA = YES;
				CLANG_WARN_CONSTANT_CONVERSION = YES;
				CLANG_WARN_DEPRECATED_OBJC_IMPLEMENTATIONS = YES;
				CLANG_WARN_DIRECT_OBJC_ISA_USAGE = YES_ERROR;
				CLANG_WARN_DOCUMENTATION_COMMENTS = YES;
				CLANG_WARN_EMPTY_BODY = YES;
				CLANG_WARN_ENUM_CONVERSION = YES;
				CLANG_WARN_INFINITE_RECURSION = YES;
				CLANG_WARN_INT_CONVERSION = YES;
				CLANG_WARN_NON_LITERAL_NULL_CONVERSION = YES;
				CLANG_WARN_OBJC_IMPLICIT_RETAIN_SELF = YES;
				CLANG_WARN_OBJC_LITERAL_CONVERSION = YES;
				CLANG_WARN_OBJC_ROOT_CLASS = YES_ERROR;
				CLANG_WARN_RANGE_LOOP_ANALYSIS = YES;
				CLANG_WARN_STRICT_PROTOTYPES = YES;
				CLANG_WARN_SUSPICIOUS_MOVE = YES;
				CLANG_WARN_UNGUARDED_AVAILABILITY = YES_AGGRESSIVE;
				CLANG_WARN_UNREACHABLE_CODE = YES;
				CLANG_WARN__DUPLICATE_METHOD_MATCH = YES;
				CODE_SIGN_IDENTITY = "iPhone Developer";
				COPY_PHASE_STRIP = NO;
				DEBUG_INFORMATION_FORMAT = "dwarf-with-dsym";
				ENABLE_NS_ASSERTIONS = NO;
				ENABLE_STRICT_OBJC_MSGSEND = YES;
				GCC_C_LANGUAGE_STANDARD = gnu11;
				GCC_NO_COMMON_BLOCKS = YES;
				GCC_WARN_64_TO_32_BIT_CONVERSION = YES;
				GCC_WARN_ABOUT_RETURN_TYPE = YES_ERROR;
				GCC_WARN_UNDECLARED_SELECTOR = YES;
				GCC_WARN_UNINITIALIZED_AUTOS = YES_AGGRESSIVE;
				GCC_WARN_UNUSED_FUNCTION = YES;
				GCC_WARN_UNUSED_VARIABLE = YES;
				IPHONEOS_DEPLOYMENT_TARGET = 12.0;
				MTL_ENABLE_DEBUG_INFO = NO;
				MTL_FAST_MATH = YES;
				SDKROOT = iphoneos;
				SWIFT_COMPILATION_MODE = wholemodule;
				SWIFT_OPTIMIZATION_LEVEL = "-O";
				VALIDATE_PRODUCT = YES;
			};
			name = Release;
		};
		94348FEF21912891003003C4 /* Debug */ = {
			isa = XCBuildConfiguration;
			baseConfigurationReference = 932BFEF76A3647F11D2DDE10 /* Pods-PersonalProject.debug.xcconfig */;
			buildSettings = {
				ASSETCATALOG_COMPILER_APPICON_NAME = AppIcon;
				CODE_SIGN_STYLE = Automatic;
				DEVELOPMENT_TEAM = H76KUE2LA6;
				INFOPLIST_FILE = PersonalProject/Info.plist;
				LD_RUNPATH_SEARCH_PATHS = (
					"$(inherited)",
					"@executable_path/Frameworks",
				);
				PRODUCT_BUNDLE_IDENTIFIER = com.42mediallc.PersonalProject;
				PRODUCT_NAME = "$(TARGET_NAME)";
				SWIFT_VERSION = 4.2;
				TARGETED_DEVICE_FAMILY = "1,2";
			};
			name = Debug;
		};
		94348FF021912891003003C4 /* Release */ = {
			isa = XCBuildConfiguration;
			baseConfigurationReference = 297F5C09226EA94BC2A8D6A9 /* Pods-PersonalProject.release.xcconfig */;
			buildSettings = {
				ASSETCATALOG_COMPILER_APPICON_NAME = AppIcon;
				CODE_SIGN_STYLE = Automatic;
				DEVELOPMENT_TEAM = H76KUE2LA6;
				INFOPLIST_FILE = PersonalProject/Info.plist;
				LD_RUNPATH_SEARCH_PATHS = (
					"$(inherited)",
					"@executable_path/Frameworks",
				);
				PRODUCT_BUNDLE_IDENTIFIER = com.42mediallc.PersonalProject;
				PRODUCT_NAME = "$(TARGET_NAME)";
				SWIFT_VERSION = 4.2;
				TARGETED_DEVICE_FAMILY = "1,2";
			};
			name = Release;
		};
		94348FF221912891003003C4 /* Debug */ = {
			isa = XCBuildConfiguration;
			buildSettings = {
				ALWAYS_EMBED_SWIFT_STANDARD_LIBRARIES = YES;
				BUNDLE_LOADER = "$(TEST_HOST)";
				CODE_SIGN_STYLE = Automatic;
				DEVELOPMENT_TEAM = H76KUE2LA6;
				INFOPLIST_FILE = PersonalProjectTests/Info.plist;
				LD_RUNPATH_SEARCH_PATHS = (
					"$(inherited)",
					"@executable_path/Frameworks",
					"@loader_path/Frameworks",
				);
				PRODUCT_BUNDLE_IDENTIFIER = com.42mediallc.PersonalProjectTests;
				PRODUCT_NAME = "$(TARGET_NAME)";
				SWIFT_VERSION = 4.2;
				TARGETED_DEVICE_FAMILY = "1,2";
				TEST_HOST = "$(BUILT_PRODUCTS_DIR)/PersonalProject.app/PersonalProject";
			};
			name = Debug;
		};
		94348FF321912891003003C4 /* Release */ = {
			isa = XCBuildConfiguration;
			buildSettings = {
				ALWAYS_EMBED_SWIFT_STANDARD_LIBRARIES = YES;
				BUNDLE_LOADER = "$(TEST_HOST)";
				CODE_SIGN_STYLE = Automatic;
				DEVELOPMENT_TEAM = H76KUE2LA6;
				INFOPLIST_FILE = PersonalProjectTests/Info.plist;
				LD_RUNPATH_SEARCH_PATHS = (
					"$(inherited)",
					"@executable_path/Frameworks",
					"@loader_path/Frameworks",
				);
				PRODUCT_BUNDLE_IDENTIFIER = com.42mediallc.PersonalProjectTests;
				PRODUCT_NAME = "$(TARGET_NAME)";
				SWIFT_VERSION = 4.2;
				TARGETED_DEVICE_FAMILY = "1,2";
				TEST_HOST = "$(BUILT_PRODUCTS_DIR)/PersonalProject.app/PersonalProject";
			};
			name = Release;
		};
		94348FF521912891003003C4 /* Debug */ = {
			isa = XCBuildConfiguration;
			buildSettings = {
				ALWAYS_EMBED_SWIFT_STANDARD_LIBRARIES = YES;
				CODE_SIGN_STYLE = Automatic;
				DEVELOPMENT_TEAM = H76KUE2LA6;
				INFOPLIST_FILE = PersonalProjectUITests/Info.plist;
				LD_RUNPATH_SEARCH_PATHS = (
					"$(inherited)",
					"@executable_path/Frameworks",
					"@loader_path/Frameworks",
				);
				PRODUCT_BUNDLE_IDENTIFIER = com.42mediallc.PersonalProjectUITests;
				PRODUCT_NAME = "$(TARGET_NAME)";
				SWIFT_VERSION = 4.2;
				TARGETED_DEVICE_FAMILY = "1,2";
				TEST_TARGET_NAME = PersonalProject;
			};
			name = Debug;
		};
		94348FF621912891003003C4 /* Release */ = {
			isa = XCBuildConfiguration;
			buildSettings = {
				ALWAYS_EMBED_SWIFT_STANDARD_LIBRARIES = YES;
				CODE_SIGN_STYLE = Automatic;
				DEVELOPMENT_TEAM = H76KUE2LA6;
				INFOPLIST_FILE = PersonalProjectUITests/Info.plist;
				LD_RUNPATH_SEARCH_PATHS = (
					"$(inherited)",
					"@executable_path/Frameworks",
					"@loader_path/Frameworks",
				);
				PRODUCT_BUNDLE_IDENTIFIER = com.42mediallc.PersonalProjectUITests;
				PRODUCT_NAME = "$(TARGET_NAME)";
				SWIFT_VERSION = 4.2;
				TARGETED_DEVICE_FAMILY = "1,2";
				TEST_TARGET_NAME = PersonalProject;
			};
			name = Release;
		};
/* End XCBuildConfiguration section */

/* Begin XCConfigurationList section */
		94348FC121912891003003C4 /* Build configuration list for PBXProject "PersonalProject" */ = {
			isa = XCConfigurationList;
			buildConfigurations = (
				94348FEC21912891003003C4 /* Debug */,
				94348FED21912891003003C4 /* Release */,
			);
			defaultConfigurationIsVisible = 0;
			defaultConfigurationName = Release;
		};
		94348FEE21912891003003C4 /* Build configuration list for PBXNativeTarget "PersonalProject" */ = {
			isa = XCConfigurationList;
			buildConfigurations = (
				94348FEF21912891003003C4 /* Debug */,
				94348FF021912891003003C4 /* Release */,
			);
			defaultConfigurationIsVisible = 0;
			defaultConfigurationName = Release;
		};
		94348FF121912891003003C4 /* Build configuration list for PBXNativeTarget "PersonalProjectTests" */ = {
			isa = XCConfigurationList;
			buildConfigurations = (
				94348FF221912891003003C4 /* Debug */,
				94348FF321912891003003C4 /* Release */,
			);
			defaultConfigurationIsVisible = 0;
			defaultConfigurationName = Release;
		};
		94348FF421912891003003C4 /* Build configuration list for PBXNativeTarget "PersonalProjectUITests" */ = {
			isa = XCConfigurationList;
			buildConfigurations = (
				94348FF521912891003003C4 /* Debug */,
				94348FF621912891003003C4 /* Release */,
			);
			defaultConfigurationIsVisible = 0;
			defaultConfigurationName = Release;
		};
/* End XCConfigurationList section */
	};
	rootObject = 94348FBE21912891003003C4 /* Project object */;
}
